Microsoft Visual Studio Solution File, Format Version 11.00
# Visual Studio 2008

Project("{A2FCC007-4042-8479-A987-1537A8CD777A}") = "SpriteSheetPlayer", "Assembly-CSharp.csproj", "{5A6D905A-AB16-02AC-C0F5-3DBE08219DFD}"
EndProject
Global
	GlobalSection(SolutionConfigurationPlatforms) = preSolution
		Debug|Any CPU = Debug|Any CPU
		Release|Any CPU = Release|Any CPU
	EndGlobalSection
	GlobalSection(ProjectConfigurationPlatforms) = postSolution
		{5A6D905A-AB16-02AC-C0F5-3DBE08219DFD}.Debug|Any CPU.ActiveCfg = Debug|Any CPU
		{5A6D905A-AB16-02AC-C0F5-3DBE08219DFD}.Debug|Any CPU.Build.0 = Debug|Any CPU
		{5A6D905A-AB16-02AC-C0F5-3DBE08219DFD}.Release|Any CPU.ActiveCfg = Release|Any CPU
		{5A6D905A-AB16-02AC-C0F5-3DBE08219DFD}.Release|Any CPU.Build.0 = Release|Any CPU
	EndGlobalSection
	GlobalSection(SolutionProperties) = preSolution
		HideSolutionNode = FALSE
	EndGlobalSection
	GlobalSection(MonoDevelopProperties) = preSolution
		StartupItem = Assembly-CSharp.csproj
	EndGlobalSection
EndGlobal
